// !$*UTF8*$!
{
	archiveVersion = 1;
	classes = {
	};
	objectVersion = 56;
	objects = {

/* Begin PBXBuildFile section */
		B0C344C22B14DA4700485E8C /* AppDelegate.swift in Sources */ = {isa = PBXBuildFile; fileRef = B0C344C12B14DA4700485E8C /* AppDelegate.swift */; };
		B0C344CC2B14DA4700485E8C /* CoreDataStorage.xcdatamodeld in Sources */ = {isa = PBXBuildFile; fileRef = B0C344CA2B14DA4700485E8C /* CoreDataStorage.xcdatamodeld */; };
		B0C344CE2B14DA4900485E8C /* Assets.xcassets in Resources */ = {isa = PBXBuildFile; fileRef = B0C344CD2B14DA4900485E8C /* Assets.xcassets */; };
		B0C344D12B14DA4900485E8C /* LaunchScreen.storyboard in Resources */ = {isa = PBXBuildFile; fileRef = B0C344CF2B14DA4900485E8C /* LaunchScreen.storyboard */; };
		B0C344E32B15138D00485E8C /* SplashViewController.swift in Sources */ = {isa = PBXBuildFile; fileRef = B0C344E12B15138D00485E8C /* SplashViewController.swift */; };
		B0C344E42B15138D00485E8C /* SplashViewController.xib in Resources */ = {isa = PBXBuildFile; fileRef = B0C344E22B15138D00485E8C /* SplashViewController.xib */; };
		B0C344F92B15233900485E8C /* MoviesListViewController.swift in Sources */ = {isa = PBXBuildFile; fileRef = B0C344F72B15233900485E8C /* MoviesListViewController.swift */; };
		B0C344FA2B15233900485E8C /* MoviesListViewController.xib in Resources */ = {isa = PBXBuildFile; fileRef = B0C344F82B15233900485E8C /* MoviesListViewController.xib */; };
		B0C345112B155A2500485E8C /* Moya in Frameworks */ = {isa = PBXBuildFile; productRef = B0C345102B155A2500485E8C /* Moya */; };
		B0C345162B155B7800485E8C /* APIService.swift in Sources */ = {isa = PBXBuildFile; fileRef = B0C345152B155B7800485E8C /* APIService.swift */; };
		B0C3451A2B155C1100485E8C /* MoviesEndPoint.swift in Sources */ = {isa = PBXBuildFile; fileRef = B0C345192B155C1100485E8C /* MoviesEndPoint.swift */; };
		B0C3451C2B155CB500485E8C /* MarvelAPI.swift in Sources */ = {isa = PBXBuildFile; fileRef = B0C3451B2B155CB500485E8C /* MarvelAPI.swift */; };
		B0C345202B155DD900485E8C /* String+Extension.swift in Sources */ = {isa = PBXBuildFile; fileRef = B0C3451F2B155DD900485E8C /* String+Extension.swift */; };
		B0C345222B15648E00485E8C /* MoviesRemoteDataService.swift in Sources */ = {isa = PBXBuildFile; fileRef = B0C345212B15648E00485E8C /* MoviesRemoteDataService.swift */; };
		B0C345242B1564B600485E8C /* MoviesRemoteDataServiceProtocol.swift in Sources */ = {isa = PBXBuildFile; fileRef = B0C345232B1564B600485E8C /* MoviesRemoteDataServiceProtocol.swift */; };
		B0C345292B15662C00485E8C /* MoviesDataResponse.swift in Sources */ = {isa = PBXBuildFile; fileRef = B0C345282B15662C00485E8C /* MoviesDataResponse.swift */; };
		B0C3452C2B156ED900485E8C /* BaseResponse.swift in Sources */ = {isa = PBXBuildFile; fileRef = B0C3452B2B156ED900485E8C /* BaseResponse.swift */; };
		B0C3452E2B1573ED00485E8C /* MovieData.swift in Sources */ = {isa = PBXBuildFile; fileRef = B0C3452D2B1573ED00485E8C /* MovieData.swift */; };
		B0C345302B15783D00485E8C /* MovieImageData.swift in Sources */ = {isa = PBXBuildFile; fileRef = B0C3452F2B15783D00485E8C /* MovieImageData.swift */; };
		B0C345342B15787000485E8C /* Movie.swift in Sources */ = {isa = PBXBuildFile; fileRef = B0C345332B15787000485E8C /* Movie.swift */; };
		B0C345362B15790900485E8C /* MovieImage.swift in Sources */ = {isa = PBXBuildFile; fileRef = B0C345352B15790900485E8C /* MovieImage.swift */; };
		B0C345382B1579DB00485E8C /* Movies.swift in Sources */ = {isa = PBXBuildFile; fileRef = B0C345372B1579DB00485E8C /* Movies.swift */; };
		B0C3453B2B157BCB00485E8C /* MovieRepository.swift in Sources */ = {isa = PBXBuildFile; fileRef = B0C3453A2B157BCB00485E8C /* MovieRepository.swift */; };
		B0C3453E2B157C2400485E8C /* MovieDataRepository.swift in Sources */ = {isa = PBXBuildFile; fileRef = B0C3453D2B157C2400485E8C /* MovieDataRepository.swift */; };
		B0C345412B157FD800485E8C /* GetMoviesListUseCase.swift in Sources */ = {isa = PBXBuildFile; fileRef = B0C345402B157FD800485E8C /* GetMoviesListUseCase.swift */; };
		B0C345442B15826700485E8C /* MoviesListViewModel.swift in Sources */ = {isa = PBXBuildFile; fileRef = B0C345432B15826700485E8C /* MoviesListViewModel.swift */; };
		B0C345472B15828000485E8C /* MoviesListViewModelProtocol.swift in Sources */ = {isa = PBXBuildFile; fileRef = B0C345462B15828000485E8C /* MoviesListViewModelProtocol.swift */; };
		B0C3454B2B15928000485E8C /* Observable.swift in Sources */ = {isa = PBXBuildFile; fileRef = B0C3454A2B15928000485E8C /* Observable.swift */; };
		B0C3454E2B15949800485E8C /* MovieItemCell.swift in Sources */ = {isa = PBXBuildFile; fileRef = B0C3454C2B15949800485E8C /* MovieItemCell.swift */; };
		B0C3454F2B15949800485E8C /* MovieItemCell.xib in Resources */ = {isa = PBXBuildFile; fileRef = B0C3454D2B15949800485E8C /* MovieItemCell.xib */; };
		B0C345532B15F2AE00485E8C /* SkeletonView in Frameworks */ = {isa = PBXBuildFile; productRef = B0C345522B15F2AE00485E8C /* SkeletonView */; };
		B0C345552B15F38600485E8C /* NSObject+Extension.swift in Sources */ = {isa = PBXBuildFile; fileRef = B0C345542B15F38600485E8C /* NSObject+Extension.swift */; };
		B0C3455A2B15F4B400485E8C /* MovieSkeletonCell.swift in Sources */ = {isa = PBXBuildFile; fileRef = B0C345582B15F4B400485E8C /* MovieSkeletonCell.swift */; };
		B0C3455B2B15F4B400485E8C /* MovieSkeletonCell.xib in Resources */ = {isa = PBXBuildFile; fileRef = B0C345592B15F4B400485E8C /* MovieSkeletonCell.xib */; };
		B0C3455E2B15F70D00485E8C /* UITableView+Extension.swift in Sources */ = {isa = PBXBuildFile; fileRef = B0C3455D2B15F70D00485E8C /* UITableView+Extension.swift */; };
		B0C345622B15FF2E00485E8C /* MovieCellViewModel.swift in Sources */ = {isa = PBXBuildFile; fileRef = B0C345612B15FF2E00485E8C /* MovieCellViewModel.swift */; };
		B0C345652B16058900485E8C /* Kingfisher in Frameworks */ = {isa = PBXBuildFile; productRef = B0C345642B16058900485E8C /* Kingfisher */; };
		B0C345682B1617FA00485E8C /* AppColors.xcassets in Resources */ = {isa = PBXBuildFile; fileRef = B0C345672B1617FA00485E8C /* AppColors.xcassets */; };
		B0C3456A2B161D6500485E8C /* AppColors.swift in Sources */ = {isa = PBXBuildFile; fileRef = B0C345692B161D6500485E8C /* AppColors.swift */; };
		B0C3456C2B161F8E00485E8C /* SearchMoviesUseCase.swift in Sources */ = {isa = PBXBuildFile; fileRef = B0C3456B2B161F8E00485E8C /* SearchMoviesUseCase.swift */; };
		B0C3456E2B1628FB00485E8C /* BaseViewController.swift in Sources */ = {isa = PBXBuildFile; fileRef = B0C3456D2B1628FB00485E8C /* BaseViewController.swift */; };
		B0C345722B16B03C00485E8C /* GetMovieDetailsByIDUseCase.swift in Sources */ = {isa = PBXBuildFile; fileRef = B0C345712B16B03C00485E8C /* GetMovieDetailsByIDUseCase.swift */; };
		B0C345752B16B0FE00485E8C /* MovieDetailsResponse.swift in Sources */ = {isa = PBXBuildFile; fileRef = B0C345742B16B0FE00485E8C /* MovieDetailsResponse.swift */; };
		B0C345772B16B16100485E8C /* MovieDetailsData.swift in Sources */ = {isa = PBXBuildFile; fileRef = B0C345762B16B16100485E8C /* MovieDetailsData.swift */; };
		B0C345792B16B68500485E8C /* MovieDetails.swift in Sources */ = {isa = PBXBuildFile; fileRef = B0C345782B16B68500485E8C /* MovieDetails.swift */; };
		B0C3457B2B16C6B100485E8C /* MovieDetailsViewModel.swift in Sources */ = {isa = PBXBuildFile; fileRef = B0C3457A2B16C6B100485E8C /* MovieDetailsViewModel.swift */; };
		B0C345812B17435600485E8C /* MovieCreatorsData.swift in Sources */ = {isa = PBXBuildFile; fileRef = B0C345802B17435600485E8C /* MovieCreatorsData.swift */; };
		B0C345832B17438D00485E8C /* CreatorData.swift in Sources */ = {isa = PBXBuildFile; fileRef = B0C345822B17438D00485E8C /* CreatorData.swift */; };
		B0C345852B1743EE00485E8C /* Creator.swift in Sources */ = {isa = PBXBuildFile; fileRef = B0C345842B1743EE00485E8C /* Creator.swift */; };
		B0C3458A2B17496D00485E8C /* CreatorCellViewModel.swift in Sources */ = {isa = PBXBuildFile; fileRef = B0C345892B17496D00485E8C /* CreatorCellViewModel.swift */; };
		B0C3458D2B1749B600485E8C /* CreatorCell.swift in Sources */ = {isa = PBXBuildFile; fileRef = B0C3458B2B1749B600485E8C /* CreatorCell.swift */; };
		B0C3458E2B1749B600485E8C /* CreatorCell.xib in Resources */ = {isa = PBXBuildFile; fileRef = B0C3458C2B1749B600485E8C /* CreatorCell.xib */; };
		B0C345902B1749FD00485E8C /* UICollectionView+Extension.swift in Sources */ = {isa = PBXBuildFile; fileRef = B0C3458F2B1749FD00485E8C /* UICollectionView+Extension.swift */; };
		B0C345922B17560400485E8C /* CoreDataStorage.swift in Sources */ = {isa = PBXBuildFile; fileRef = B0C345912B17560400485E8C /* CoreDataStorage.swift */; };
		B0C345972B17569800485E8C /* MoviesLocalDataService.swift in Sources */ = {isa = PBXBuildFile; fileRef = B0C345962B17569800485E8C /* MoviesLocalDataService.swift */; };
		B0C3459A2B175A4400485E8C /* MoviesLocalDataServiceProtocol.swift in Sources */ = {isa = PBXBuildFile; fileRef = B0C345992B175A4400485E8C /* MoviesLocalDataServiceProtocol.swift */; };
		B0C3459E2B176A8100485E8C /* MovieDetailsEntity+Mapping.swift in Sources */ = {isa = PBXBuildFile; fileRef = B0C3459D2B176A8100485E8C /* MovieDetailsEntity+Mapping.swift */; };
		B0C345A02B176ADA00485E8C /* CreatorEntity+Mapping.swift in Sources */ = {isa = PBXBuildFile; fileRef = B0C3459F2B176ADA00485E8C /* CreatorEntity+Mapping.swift */; };
/* End PBXBuildFile section */

/* Begin PBXFileReference section */
		B0C344BE2B14DA4700485E8C /* MarvelMoviesApp.app */ = {isa = PBXFileReference; explicitFileType = wrapper.application; includeInIndex = 0; path = MarvelMoviesApp.app; sourceTree = BUILT_PRODUCTS_DIR; };
		B0C344C12B14DA4700485E8C /* AppDelegate.swift */ = {isa = PBXFileReference; lastKnownFileType = sourcecode.swift; path = AppDelegate.swift; sourceTree = "<group>"; };
		B0C344CB2B14DA4700485E8C /* MarvelMoviesApp.xcdatamodel */ = {isa = PBXFileReference; lastKnownFileType = wrapper.xcdatamodel; path = MarvelMoviesApp.xcdatamodel; sourceTree = "<group>"; };
		B0C344CD2B14DA4900485E8C /* Assets.xcassets */ = {isa = PBXFileReference; lastKnownFileType = folder.assetcatalog; path = Assets.xcassets; sourceTree = "<group>"; };
		B0C344D02B14DA4900485E8C /* Base */ = {isa = PBXFileReference; lastKnownFileType = file.storyboard; name = Base; path = Base.lproj/LaunchScreen.storyboard; sourceTree = "<group>"; };
		B0C344D22B14DA4900485E8C /* Info.plist */ = {isa = PBXFileReference; lastKnownFileType = text.plist.xml; path = Info.plist; sourceTree = "<group>"; };
		B0C344E12B15138D00485E8C /* SplashViewController.swift */ = {isa = PBXFileReference; lastKnownFileType = sourcecode.swift; path = SplashViewController.swift; sourceTree = "<group>"; };
		B0C344E22B15138D00485E8C /* SplashViewController.xib */ = {isa = PBXFileReference; lastKnownFileType = file.xib; path = SplashViewController.xib; sourceTree = "<group>"; };
		B0C344F72B15233900485E8C /* MoviesListViewController.swift */ = {isa = PBXFileReference; lastKnownFileType = sourcecode.swift; path = MoviesListViewController.swift; sourceTree = "<group>"; };
		B0C344F82B15233900485E8C /* MoviesListViewController.xib */ = {isa = PBXFileReference; lastKnownFileType = file.xib; path = MoviesListViewController.xib; sourceTree = "<group>"; };
		B0C345152B155B7800485E8C /* APIService.swift */ = {isa = PBXFileReference; lastKnownFileType = sourcecode.swift; path = APIService.swift; sourceTree = "<group>"; };
		B0C345192B155C1100485E8C /* MoviesEndPoint.swift */ = {isa = PBXFileReference; lastKnownFileType = sourcecode.swift; path = MoviesEndPoint.swift; sourceTree = "<group>"; };
		B0C3451B2B155CB500485E8C /* MarvelAPI.swift */ = {isa = PBXFileReference; lastKnownFileType = sourcecode.swift; path = MarvelAPI.swift; sourceTree = "<group>"; };
		B0C3451F2B155DD900485E8C /* String+Extension.swift */ = {isa = PBXFileReference; lastKnownFileType = sourcecode.swift; path = "String+Extension.swift"; sourceTree = "<group>"; };
		B0C345212B15648E00485E8C /* MoviesRemoteDataService.swift */ = {isa = PBXFileReference; lastKnownFileType = sourcecode.swift; path = MoviesRemoteDataService.swift; sourceTree = "<group>"; };
		B0C345232B1564B600485E8C /* MoviesRemoteDataServiceProtocol.swift */ = {isa = PBXFileReference; lastKnownFileType = sourcecode.swift; path = MoviesRemoteDataServiceProtocol.swift; sourceTree = "<group>"; };
		B0C345282B15662C00485E8C /* MoviesDataResponse.swift */ = {isa = PBXFileReference; lastKnownFileType = sourcecode.swift; path = MoviesDataResponse.swift; sourceTree = "<group>"; };
		B0C3452B2B156ED900485E8C /* BaseResponse.swift */ = {isa = PBXFileReference; lastKnownFileType = sourcecode.swift; path = BaseResponse.swift; sourceTree = "<group>"; };
		B0C3452D2B1573ED00485E8C /* MovieData.swift */ = {isa = PBXFileReference; lastKnownFileType = sourcecode.swift; path = MovieData.swift; sourceTree = "<group>"; };
		B0C3452F2B15783D00485E8C /* MovieImageData.swift */ = {isa = PBXFileReference; lastKnownFileType = sourcecode.swift; path = MovieImageData.swift; sourceTree = "<group>"; };
		B0C345332B15787000485E8C /* Movie.swift */ = {isa = PBXFileReference; lastKnownFileType = sourcecode.swift; path = Movie.swift; sourceTree = "<group>"; };
		B0C345352B15790900485E8C /* MovieImage.swift */ = {isa = PBXFileReference; lastKnownFileType = sourcecode.swift; path = MovieImage.swift; sourceTree = "<group>"; };
		B0C345372B1579DB00485E8C /* Movies.swift */ = {isa = PBXFileReference; lastKnownFileType = sourcecode.swift; path = Movies.swift; sourceTree = "<group>"; };
		B0C3453A2B157BCB00485E8C /* MovieRepository.swift */ = {isa = PBXFileReference; lastKnownFileType = sourcecode.swift; path = MovieRepository.swift; sourceTree = "<group>"; };
		B0C3453D2B157C2400485E8C /* MovieDataRepository.swift */ = {isa = PBXFileReference; lastKnownFileType = sourcecode.swift; path = MovieDataRepository.swift; sourceTree = "<group>"; };
		B0C345402B157FD800485E8C /* GetMoviesListUseCase.swift */ = {isa = PBXFileReference; lastKnownFileType = sourcecode.swift; path = GetMoviesListUseCase.swift; sourceTree = "<group>"; };
		B0C345432B15826700485E8C /* MoviesListViewModel.swift */ = {isa = PBXFileReference; lastKnownFileType = sourcecode.swift; path = MoviesListViewModel.swift; sourceTree = "<group>"; };
		B0C345462B15828000485E8C /* MoviesListViewModelProtocol.swift */ = {isa = PBXFileReference; lastKnownFileType = sourcecode.swift; path = MoviesListViewModelProtocol.swift; sourceTree = "<group>"; };
		B0C3454A2B15928000485E8C /* Observable.swift */ = {isa = PBXFileReference; lastKnownFileType = sourcecode.swift; path = Observable.swift; sourceTree = "<group>"; };
		B0C3454C2B15949800485E8C /* MovieItemCell.swift */ = {isa = PBXFileReference; lastKnownFileType = sourcecode.swift; path = MovieItemCell.swift; sourceTree = "<group>"; };
		B0C3454D2B15949800485E8C /* MovieItemCell.xib */ = {isa = PBXFileReference; lastKnownFileType = file.xib; path = MovieItemCell.xib; sourceTree = "<group>"; };
		B0C345542B15F38600485E8C /* NSObject+Extension.swift */ = {isa = PBXFileReference; lastKnownFileType = sourcecode.swift; path = "NSObject+Extension.swift"; sourceTree = "<group>"; };
		B0C345582B15F4B400485E8C /* MovieSkeletonCell.swift */ = {isa = PBXFileReference; lastKnownFileType = sourcecode.swift; path = MovieSkeletonCell.swift; sourceTree = "<group>"; };
		B0C345592B15F4B400485E8C /* MovieSkeletonCell.xib */ = {isa = PBXFileReference; lastKnownFileType = file.xib; path = MovieSkeletonCell.xib; sourceTree = "<group>"; };
		B0C3455D2B15F70D00485E8C /* UITableView+Extension.swift */ = {isa = PBXFileReference; lastKnownFileType = sourcecode.swift; path = "UITableView+Extension.swift"; sourceTree = "<group>"; };
		B0C345612B15FF2E00485E8C /* MovieCellViewModel.swift */ = {isa = PBXFileReference; lastKnownFileType = sourcecode.swift; path = MovieCellViewModel.swift; sourceTree = "<group>"; };
		B0C345672B1617FA00485E8C /* AppColors.xcassets */ = {isa = PBXFileReference; lastKnownFileType = folder.assetcatalog; path = AppColors.xcassets; sourceTree = "<group>"; };
		B0C345692B161D6500485E8C /* AppColors.swift */ = {isa = PBXFileReference; lastKnownFileType = sourcecode.swift; path = AppColors.swift; sourceTree = "<group>"; };
		B0C3456B2B161F8E00485E8C /* SearchMoviesUseCase.swift */ = {isa = PBXFileReference; lastKnownFileType = sourcecode.swift; path = SearchMoviesUseCase.swift; sourceTree = "<group>"; };
		B0C3456D2B1628FB00485E8C /* BaseViewController.swift */ = {isa = PBXFileReference; lastKnownFileType = sourcecode.swift; path = BaseViewController.swift; sourceTree = "<group>"; };
		B0C345712B16B03C00485E8C /* GetMovieDetailsByIDUseCase.swift */ = {isa = PBXFileReference; lastKnownFileType = sourcecode.swift; path = GetMovieDetailsByIDUseCase.swift; sourceTree = "<group>"; };
		B0C345742B16B0FE00485E8C /* MovieDetailsResponse.swift */ = {isa = PBXFileReference; lastKnownFileType = sourcecode.swift; path = MovieDetailsResponse.swift; sourceTree = "<group>"; };
		B0C345762B16B16100485E8C /* MovieDetailsData.swift */ = {isa = PBXFileReference; lastKnownFileType = sourcecode.swift; path = MovieDetailsData.swift; sourceTree = "<group>"; };
		B0C345782B16B68500485E8C /* MovieDetails.swift */ = {isa = PBXFileReference; lastKnownFileType = sourcecode.swift; path = MovieDetails.swift; sourceTree = "<group>"; };
		B0C3457A2B16C6B100485E8C /* MovieDetailsViewModel.swift */ = {isa = PBXFileReference; lastKnownFileType = sourcecode.swift; path = MovieDetailsViewModel.swift; sourceTree = "<group>"; };
		B0C345802B17435600485E8C /* MovieCreatorsData.swift */ = {isa = PBXFileReference; lastKnownFileType = sourcecode.swift; path = MovieCreatorsData.swift; sourceTree = "<group>"; };
		B0C345822B17438D00485E8C /* CreatorData.swift */ = {isa = PBXFileReference; lastKnownFileType = sourcecode.swift; path = CreatorData.swift; sourceTree = "<group>"; };
		B0C345842B1743EE00485E8C /* Creator.swift */ = {isa = PBXFileReference; lastKnownFileType = sourcecode.swift; path = Creator.swift; sourceTree = "<group>"; };
		B0C345892B17496D00485E8C /* CreatorCellViewModel.swift */ = {isa = PBXFileReference; lastKnownFileType = sourcecode.swift; path = CreatorCellViewModel.swift; sourceTree = "<group>"; };
		B0C3458B2B1749B600485E8C /* CreatorCell.swift */ = {isa = PBXFileReference; lastKnownFileType = sourcecode.swift; path = CreatorCell.swift; sourceTree = "<group>"; };
		B0C3458C2B1749B600485E8C /* CreatorCell.xib */ = {isa = PBXFileReference; lastKnownFileType = file.xib; path = CreatorCell.xib; sourceTree = "<group>"; };
		B0C3458F2B1749FD00485E8C /* UICollectionView+Extension.swift */ = {isa = PBXFileReference; lastKnownFileType = sourcecode.swift; path = "UICollectionView+Extension.swift"; sourceTree = "<group>"; };
		B0C345912B17560400485E8C /* CoreDataStorage.swift */ = {isa = PBXFileReference; lastKnownFileType = sourcecode.swift; path = CoreDataStorage.swift; sourceTree = "<group>"; };
		B0C345962B17569800485E8C /* MoviesLocalDataService.swift */ = {isa = PBXFileReference; lastKnownFileType = sourcecode.swift; path = MoviesLocalDataService.swift; sourceTree = "<group>"; };
		B0C345992B175A4400485E8C /* MoviesLocalDataServiceProtocol.swift */ = {isa = PBXFileReference; lastKnownFileType = sourcecode.swift; path = MoviesLocalDataServiceProtocol.swift; sourceTree = "<group>"; };
		B0C3459D2B176A8100485E8C /* MovieDetailsEntity+Mapping.swift */ = {isa = PBXFileReference; lastKnownFileType = sourcecode.swift; path = "MovieDetailsEntity+Mapping.swift"; sourceTree = "<group>"; };
		B0C3459F2B176ADA00485E8C /* CreatorEntity+Mapping.swift */ = {isa = PBXFileReference; lastKnownFileType = sourcecode.swift; path = "CreatorEntity+Mapping.swift"; sourceTree = "<group>"; };
/* End PBXFileReference section */

/* Begin PBXFrameworksBuildPhase section */
		B0C344BB2B14DA4700485E8C /* Frameworks */ = {
			isa = PBXFrameworksBuildPhase;
			buildActionMask = 2147483647;
			files = (
				B0C345652B16058900485E8C /* Kingfisher in Frameworks */,
				B0C345532B15F2AE00485E8C /* SkeletonView in Frameworks */,
				B0C345112B155A2500485E8C /* Moya in Frameworks */,
			);
			runOnlyForDeploymentPostprocessing = 0;
		};
/* End PBXFrameworksBuildPhase section */

/* Begin PBXGroup section */
		B0C344B52B14DA4700485E8C = {
			isa = PBXGroup;
			children = (
				B0C344C02B14DA4700485E8C /* MarvelMoviesApp */,
				B0C344BF2B14DA4700485E8C /* Products */,
			);
			sourceTree = "<group>";
		};
		B0C344BF2B14DA4700485E8C /* Products */ = {
			isa = PBXGroup;
			children = (
				B0C344BE2B14DA4700485E8C /* MarvelMoviesApp.app */,
			);
			name = Products;
			sourceTree = "<group>";
		};
		B0C344C02B14DA4700485E8C /* MarvelMoviesApp */ = {
			isa = PBXGroup;
			children = (
				B0C344C12B14DA4700485E8C /* AppDelegate.swift */,
				B0C3451D2B155DBF00485E8C /* Extensions */,
				B0C345482B15926800485E8C /* Utilits */,
				B0C344DF2B15136800485E8C /* Presentation */,
				B0C345312B15784A00485E8C /* Domain */,
				B0C344DC2B150ED100485E8C /* Data */,
				B0C344D92B150E3A00485E8C /* Resources */,
			);
			path = MarvelMoviesApp;
			sourceTree = "<group>";
		};
		B0C344D92B150E3A00485E8C /* Resources */ = {
			isa = PBXGroup;
			children = (
				B0C345662B1617E900485E8C /* AppColors */,
				B0C344CD2B14DA4900485E8C /* Assets.xcassets */,
				B0C344CF2B14DA4900485E8C /* LaunchScreen.storyboard */,
				B0C344D22B14DA4900485E8C /* Info.plist */,
			);
			path = Resources;
			sourceTree = "<group>";
		};
		B0C344DC2B150ED100485E8C /* Data */ = {
			isa = PBXGroup;
			children = (
				B0C345252B15651100485E8C /* Entites */,
				B0C3453C2B157C0B00485E8C /* Repositories */,
				B0C345932B17564100485E8C /* DataServices */,
				B0C345132B155A6A00485E8C /* NetworkManager */,
				B0C344DE2B150F5600485E8C /* PersistentStorages */,
			);
			path = Data;
			sourceTree = "<group>";
		};
		B0C344DD2B150ED800485E8C /* CoreDataStorage */ = {
			isa = PBXGroup;
			children = (
				B0C345912B17560400485E8C /* CoreDataStorage.swift */,
				B0C3459B2B176A4700485E8C /* EntityMaping */,
				B0C344CA2B14DA4700485E8C /* CoreDataStorage.xcdatamodeld */,
			);
			path = CoreDataStorage;
			sourceTree = "<group>";
		};
		B0C344DE2B150F5600485E8C /* PersistentStorages */ = {
			isa = PBXGroup;
			children = (
				B0C344DD2B150ED800485E8C /* CoreDataStorage */,
			);
			path = PersistentStorages;
			sourceTree = "<group>";
		};
		B0C344DF2B15136800485E8C /* Presentation */ = {
			isa = PBXGroup;
			children = (
				B0C344E02B15137200485E8C /* Splash */,
				B0C344F42B15231200485E8C /* MoviesList */,
			);
			path = Presentation;
			sourceTree = "<group>";
		};
		B0C344E02B15137200485E8C /* Splash */ = {
			isa = PBXGroup;
			children = (
				B0C344E12B15138D00485E8C /* SplashViewController.swift */,
				B0C344E22B15138D00485E8C /* SplashViewController.xib */,
			);
			path = Splash;
			sourceTree = "<group>";
		};
		B0C344F42B15231200485E8C /* MoviesList */ = {
			isa = PBXGroup;
			children = (
				B0C345422B15825400485E8C /* ViewModel */,
				B0C344F52B15231D00485E8C /* View */,
			);
			path = MoviesList;
			sourceTree = "<group>";
		};
		B0C344F52B15231D00485E8C /* View */ = {
			isa = PBXGroup;
			children = (
				B0C345502B1594A000485E8C /* MovieCell */,
				B0C344F72B15233900485E8C /* MoviesListViewController.swift */,
				B0C344F82B15233900485E8C /* MoviesListViewController.xib */,
			);
			path = View;
			sourceTree = "<group>";
		};
		B0C345132B155A6A00485E8C /* NetworkManager */ = {
			isa = PBXGroup;
			children = (
				B0C345152B155B7800485E8C /* APIService.swift */,
				B0C3451B2B155CB500485E8C /* MarvelAPI.swift */,
			);
			path = NetworkManager;
			sourceTree = "<group>";
		};
		B0C345172B155BE000485E8C /* RemoteDataServices */ = {
			isa = PBXGroup;
			children = (
				B0C345182B155BF800485E8C /* Movies */,
			);
			path = RemoteDataServices;
			sourceTree = "<group>";
		};
		B0C345182B155BF800485E8C /* Movies */ = {
			isa = PBXGroup;
			children = (
				B0C345192B155C1100485E8C /* MoviesEndPoint.swift */,
				B0C345212B15648E00485E8C /* MoviesRemoteDataService.swift */,
				B0C345232B1564B600485E8C /* MoviesRemoteDataServiceProtocol.swift */,
			);
			path = Movies;
			sourceTree = "<group>";
		};
		B0C3451D2B155DBF00485E8C /* Extensions */ = {
			isa = PBXGroup;
			children = (
				B0C3451E2B155DC900485E8C /* Foundation */,
				B0C3455C2B15F6D600485E8C /* UIKit */,
			);
			path = Extensions;
			sourceTree = "<group>";
		};
		B0C3451E2B155DC900485E8C /* Foundation */ = {
			isa = PBXGroup;
			children = (
				B0C3451F2B155DD900485E8C /* String+Extension.swift */,
				B0C345542B15F38600485E8C /* NSObject+Extension.swift */,
			);
			path = Foundation;
			sourceTree = "<group>";
		};
		B0C345252B15651100485E8C /* Entites */ = {
			isa = PBXGroup;
			children = (
				B0C3452B2B156ED900485E8C /* BaseResponse.swift */,
				B0C3457D2B17425C00485E8C /* Movie */,
				B0C3457C2B17424B00485E8C /* MovieDetails */,
			);
			path = Entites;
			sourceTree = "<group>";
		};
		B0C345312B15784A00485E8C /* Domain */ = {
			isa = PBXGroup;
			children = (
				B0C345322B15785400485E8C /* Model */,
				B0C345392B157BA700485E8C /* Repositories */,
				B0C3453F2B157FB200485E8C /* UseCases */,
			);
			path = Domain;
			sourceTree = "<group>";
		};
		B0C345322B15785400485E8C /* Model */ = {
			isa = PBXGroup;
			children = (
				B0C3457E2B17427400485E8C /* Movie */,
				B0C3457F2B17427F00485E8C /* MovieDetails */,
			);
			path = Model;
			sourceTree = "<group>";
		};
		B0C345392B157BA700485E8C /* Repositories */ = {
			isa = PBXGroup;
			children = (
				B0C3453A2B157BCB00485E8C /* MovieRepository.swift */,
			);
			path = Repositories;
			sourceTree = "<group>";
		};
		B0C3453C2B157C0B00485E8C /* Repositories */ = {
			isa = PBXGroup;
			children = (
				B0C3453D2B157C2400485E8C /* MovieDataRepository.swift */,
			);
			path = Repositories;
			sourceTree = "<group>";
		};
		B0C3453F2B157FB200485E8C /* UseCases */ = {
			isa = PBXGroup;
			children = (
				B0C345402B157FD800485E8C /* GetMoviesListUseCase.swift */,
				B0C3456B2B161F8E00485E8C /* SearchMoviesUseCase.swift */,
				B0C345712B16B03C00485E8C /* GetMovieDetailsByIDUseCase.swift */,
			);
			path = UseCases;
			sourceTree = "<group>";
		};
		B0C345422B15825400485E8C /* ViewModel */ = {
			isa = PBXGroup;
			children = (
				B0C345452B15827400485E8C /* protocol */,
				B0C345432B15826700485E8C /* MoviesListViewModel.swift */,
			);
			path = ViewModel;
			sourceTree = "<group>";
		};
		B0C345452B15827400485E8C /* protocol */ = {
			isa = PBXGroup;
			children = (
				B0C345462B15828000485E8C /* MoviesListViewModelProtocol.swift */,
			);
			path = protocol;
			sourceTree = "<group>";
		};
		B0C345482B15926800485E8C /* Utilits */ = {
			isa = PBXGroup;
			children = (
				B0C345492B15927200485E8C /* Classes */,
			);
			path = Utilits;
			sourceTree = "<group>";
		};
		B0C345492B15927200485E8C /* Classes */ = {
			isa = PBXGroup;
			children = (
				B0C3454A2B15928000485E8C /* Observable.swift */,
				B0C3456D2B1628FB00485E8C /* BaseViewController.swift */,
			);
			path = Classes;
			sourceTree = "<group>";
		};
		B0C345502B1594A000485E8C /* MovieCell */ = {
			isa = PBXGroup;
			children = (
				B0C345602B15FF1700485E8C /* ViewModel */,
				B0C3455F2B15FF0C00485E8C /* View */,
			);
			path = MovieCell;
			sourceTree = "<group>";
		};
		B0C345572B15F3D000485E8C /* SkeletonCell */ = {
			isa = PBXGroup;
			children = (
				B0C345582B15F4B400485E8C /* MovieSkeletonCell.swift */,
				B0C345592B15F4B400485E8C /* MovieSkeletonCell.xib */,
			);
			path = SkeletonCell;
			sourceTree = "<group>";
		};
		B0C3455C2B15F6D600485E8C /* UIKit */ = {
			isa = PBXGroup;
			children = (
				B0C3455D2B15F70D00485E8C /* UITableView+Extension.swift */,
				B0C3458F2B1749FD00485E8C /* UICollectionView+Extension.swift */,
			);
			path = UIKit;
			sourceTree = "<group>";
		};
		B0C3455F2B15FF0C00485E8C /* View */ = {
			isa = PBXGroup;
			children = (
				B0C345572B15F3D000485E8C /* SkeletonCell */,
				B0C345862B17494B00485E8C /* CreatorCell */,
				B0C3454C2B15949800485E8C /* MovieItemCell.swift */,
				B0C3454D2B15949800485E8C /* MovieItemCell.xib */,
			);
			path = View;
			sourceTree = "<group>";
		};
		B0C345602B15FF1700485E8C /* ViewModel */ = {
			isa = PBXGroup;
			children = (
				B0C345612B15FF2E00485E8C /* MovieCellViewModel.swift */,
				B0C3457A2B16C6B100485E8C /* MovieDetailsViewModel.swift */,
			);
			path = ViewModel;
			sourceTree = "<group>";
		};
		B0C345662B1617E900485E8C /* AppColors */ = {
			isa = PBXGroup;
			children = (
				B0C345672B1617FA00485E8C /* AppColors.xcassets */,
				B0C345692B161D6500485E8C /* AppColors.swift */,
			);
			path = AppColors;
			sourceTree = "<group>";
		};
		B0C3457C2B17424B00485E8C /* MovieDetails */ = {
			isa = PBXGroup;
			children = (
				B0C345742B16B0FE00485E8C /* MovieDetailsResponse.swift */,
				B0C345762B16B16100485E8C /* MovieDetailsData.swift */,
				B0C345802B17435600485E8C /* MovieCreatorsData.swift */,
				B0C345822B17438D00485E8C /* CreatorData.swift */,
			);
			path = MovieDetails;
			sourceTree = "<group>";
		};
		B0C3457D2B17425C00485E8C /* Movie */ = {
			isa = PBXGroup;
			children = (
				B0C345282B15662C00485E8C /* MoviesDataResponse.swift */,
				B0C3452D2B1573ED00485E8C /* MovieData.swift */,
				B0C3452F2B15783D00485E8C /* MovieImageData.swift */,
			);
			path = Movie;
			sourceTree = "<group>";
		};
		B0C3457E2B17427400485E8C /* Movie */ = {
			isa = PBXGroup;
			children = (
				B0C345372B1579DB00485E8C /* Movies.swift */,
				B0C345332B15787000485E8C /* Movie.swift */,
				B0C345352B15790900485E8C /* MovieImage.swift */,
			);
			path = Movie;
			sourceTree = "<group>";
		};
		B0C3457F2B17427F00485E8C /* MovieDetails */ = {
			isa = PBXGroup;
			children = (
				B0C345782B16B68500485E8C /* MovieDetails.swift */,
				B0C345842B1743EE00485E8C /* Creator.swift */,
			);
			path = MovieDetails;
			sourceTree = "<group>";
		};
		B0C345862B17494B00485E8C /* CreatorCell */ = {
			isa = PBXGroup;
			children = (
				B0C345882B17495700485E8C /* ViewModel */,
				B0C345872B17495200485E8C /* View */,
			);
			path = CreatorCell;
			sourceTree = "<group>";
		};
		B0C345872B17495200485E8C /* View */ = {
			isa = PBXGroup;
			children = (
				B0C3458B2B1749B600485E8C /* CreatorCell.swift */,
				B0C3458C2B1749B600485E8C /* CreatorCell.xib */,
			);
			path = View;
			sourceTree = "<group>";
		};
		B0C345882B17495700485E8C /* ViewModel */ = {
			isa = PBXGroup;
			children = (
				B0C345892B17496D00485E8C /* CreatorCellViewModel.swift */,
			);
			path = ViewModel;
			sourceTree = "<group>";
		};
		B0C345932B17564100485E8C /* DataServices */ = {
			isa = PBXGroup;
			children = (
				B0C345942B17566A00485E8C /* LocalDataServices */,
				B0C345172B155BE000485E8C /* RemoteDataServices */,
			);
			path = DataServices;
			sourceTree = "<group>";
		};
		B0C345942B17566A00485E8C /* LocalDataServices */ = {
			isa = PBXGroup;
			children = (
				B0C345952B17567600485E8C /* Movies */,
			);
			path = LocalDataServices;
			sourceTree = "<group>";
		};
		B0C345952B17567600485E8C /* Movies */ = {
			isa = PBXGroup;
			children = (
				B0C345992B175A4400485E8C /* MoviesLocalDataServiceProtocol.swift */,
				B0C345962B17569800485E8C /* MoviesLocalDataService.swift */,
			);
			path = Movies;
			sourceTree = "<group>";
		};
		B0C3459B2B176A4700485E8C /* EntityMaping */ = {
			isa = PBXGroup;
			children = (
				B0C3459D2B176A8100485E8C /* MovieDetailsEntity+Mapping.swift */,
				B0C3459F2B176ADA00485E8C /* CreatorEntity+Mapping.swift */,
			);
			path = EntityMaping;
			sourceTree = "<group>";
		};
/* End PBXGroup section */

/* Begin PBXNativeTarget section */
		B0C344BD2B14DA4700485E8C /* MarvelMoviesApp */ = {
			isa = PBXNativeTarget;
			buildConfigurationList = B0C344D52B14DA4900485E8C /* Build configuration list for PBXNativeTarget "MarvelMoviesApp" */;
			buildPhases = (
				B0C344BA2B14DA4700485E8C /* Sources */,
				B0C344BB2B14DA4700485E8C /* Frameworks */,
				B0C344BC2B14DA4700485E8C /* Resources */,
			);
			buildRules = (
			);
			dependencies = (
			);
			name = MarvelMoviesApp;
			packageProductDependencies = (
				B0C345102B155A2500485E8C /* Moya */,
				B0C345522B15F2AE00485E8C /* SkeletonView */,
				B0C345642B16058900485E8C /* Kingfisher */,
			);
			productName = MarvelMoviesApp;
			productReference = B0C344BE2B14DA4700485E8C /* MarvelMoviesApp.app */;
			productType = "com.apple.product-type.application";
		};
/* End PBXNativeTarget section */

/* Begin PBXProject section */
		B0C344B62B14DA4700485E8C /* Project object */ = {
			isa = PBXProject;
			attributes = {
				BuildIndependentTargetsInParallel = 1;
				LastSwiftUpdateCheck = 1420;
				LastUpgradeCheck = 1420;
				TargetAttributes = {
					B0C344BD2B14DA4700485E8C = {
						CreatedOnToolsVersion = 14.2;
					};
				};
			};
			buildConfigurationList = B0C344B92B14DA4700485E8C /* Build configuration list for PBXProject "MarvelMoviesApp" */;
			compatibilityVersion = "Xcode 14.0";
			developmentRegion = en;
			hasScannedForEncodings = 0;
			knownRegions = (
				en,
				Base,
			);
			mainGroup = B0C344B52B14DA4700485E8C;
			packageReferences = (
				B0C3450F2B155A2500485E8C /* XCRemoteSwiftPackageReference "Moya" */,
				B0C345512B15F2AE00485E8C /* XCRemoteSwiftPackageReference "SkeletonView" */,
				B0C345632B16058900485E8C /* XCRemoteSwiftPackageReference "Kingfisher" */,
			);
			productRefGroup = B0C344BF2B14DA4700485E8C /* Products */;
			projectDirPath = "";
			projectRoot = "";
			targets = (
				B0C344BD2B14DA4700485E8C /* MarvelMoviesApp */,
			);
		};
/* End PBXProject section */

/* Begin PBXResourcesBuildPhase section */
		B0C344BC2B14DA4700485E8C /* Resources */ = {
			isa = PBXResourcesBuildPhase;
			buildActionMask = 2147483647;
			files = (
				B0C3458E2B1749B600485E8C /* CreatorCell.xib in Resources */,
				B0C344FA2B15233900485E8C /* MoviesListViewController.xib in Resources */,
				B0C345682B1617FA00485E8C /* AppColors.xcassets in Resources */,
				B0C344D12B14DA4900485E8C /* LaunchScreen.storyboard in Resources */,
				B0C344E42B15138D00485E8C /* SplashViewController.xib in Resources */,
				B0C3455B2B15F4B400485E8C /* MovieSkeletonCell.xib in Resources */,
				B0C3454F2B15949800485E8C /* MovieItemCell.xib in Resources */,
				B0C344CE2B14DA4900485E8C /* Assets.xcassets in Resources */,
			);
			runOnlyForDeploymentPostprocessing = 0;
		};
/* End PBXResourcesBuildPhase section */

/* Begin PBXSourcesBuildPhase section */
		B0C344BA2B14DA4700485E8C /* Sources */ = {
			isa = PBXSourcesBuildPhase;
			buildActionMask = 2147483647;
			files = (
				B0C345202B155DD900485E8C /* String+Extension.swift in Sources */,
				B0C3458A2B17496D00485E8C /* CreatorCellViewModel.swift in Sources */,
				B0C345472B15828000485E8C /* MoviesListViewModelProtocol.swift in Sources */,
				B0C345722B16B03C00485E8C /* GetMovieDetailsByIDUseCase.swift in Sources */,
				B0C345812B17435600485E8C /* MovieCreatorsData.swift in Sources */,
				B0C345832B17438D00485E8C /* CreatorData.swift in Sources */,
				B0C345412B157FD800485E8C /* GetMoviesListUseCase.swift in Sources */,
				B0C344F92B15233900485E8C /* MoviesListViewController.swift in Sources */,
				B0C345752B16B0FE00485E8C /* MovieDetailsResponse.swift in Sources */,
				B0C3456E2B1628FB00485E8C /* BaseViewController.swift in Sources */,
				B0C345162B155B7800485E8C /* APIService.swift in Sources */,
				B0C3457B2B16C6B100485E8C /* MovieDetailsViewModel.swift in Sources */,
				B0C3458D2B1749B600485E8C /* CreatorCell.swift in Sources */,
				B0C345792B16B68500485E8C /* MovieDetails.swift in Sources */,
				B0C3452C2B156ED900485E8C /* BaseResponse.swift in Sources */,
				B0C345A02B176ADA00485E8C /* CreatorEntity+Mapping.swift in Sources */,
				B0C3453B2B157BCB00485E8C /* MovieRepository.swift in Sources */,
				B0C345972B17569800485E8C /* MoviesLocalDataService.swift in Sources */,
				B0C345552B15F38600485E8C /* NSObject+Extension.swift in Sources */,
				B0C3453E2B157C2400485E8C /* MovieDataRepository.swift in Sources */,
				B0C345902B1749FD00485E8C /* UICollectionView+Extension.swift in Sources */,
				B0C345292B15662C00485E8C /* MoviesDataResponse.swift in Sources */,
				B0C344E32B15138D00485E8C /* SplashViewController.swift in Sources */,
				B0C3452E2B1573ED00485E8C /* MovieData.swift in Sources */,
				B0C345222B15648E00485E8C /* MoviesRemoteDataService.swift in Sources */,
				B0C3455E2B15F70D00485E8C /* UITableView+Extension.swift in Sources */,
				B0C345772B16B16100485E8C /* MovieDetailsData.swift in Sources */,
				B0C345302B15783D00485E8C /* MovieImageData.swift in Sources */,
				B0C345382B1579DB00485E8C /* Movies.swift in Sources */,
				B0C3455A2B15F4B400485E8C /* MovieSkeletonCell.swift in Sources */,
				B0C3456A2B161D6500485E8C /* AppColors.swift in Sources */,
				B0C3451A2B155C1100485E8C /* MoviesEndPoint.swift in Sources */,
				B0C344C22B14DA4700485E8C /* AppDelegate.swift in Sources */,
				B0C345622B15FF2E00485E8C /* MovieCellViewModel.swift in Sources */,
				B0C345922B17560400485E8C /* CoreDataStorage.swift in Sources */,
				B0C3451C2B155CB500485E8C /* MarvelAPI.swift in Sources */,
				B0C3456C2B161F8E00485E8C /* SearchMoviesUseCase.swift in Sources */,
				B0C345242B1564B600485E8C /* MoviesRemoteDataServiceProtocol.swift in Sources */,
				B0C345852B1743EE00485E8C /* Creator.swift in Sources */,
				B0C3459E2B176A8100485E8C /* MovieDetailsEntity+Mapping.swift in Sources */,
				B0C3454E2B15949800485E8C /* MovieItemCell.swift in Sources */,
				B0C3459A2B175A4400485E8C /* MoviesLocalDataServiceProtocol.swift in Sources */,
				B0C344CC2B14DA4700485E8C /* CoreDataStorage.xcdatamodeld in Sources */,
				B0C345442B15826700485E8C /* MoviesListViewModel.swift in Sources */,
				B0C345362B15790900485E8C /* MovieImage.swift in Sources */,
				B0C345342B15787000485E8C /* Movie.swift in Sources */,
				B0C3454B2B15928000485E8C /* Observable.swift in Sources */,
			);
			runOnlyForDeploymentPostprocessing = 0;
		};
/* End PBXSourcesBuildPhase section */

/* Begin PBXVariantGroup section */
		B0C344CF2B14DA4900485E8C /* LaunchScreen.storyboard */ = {
			isa = PBXVariantGroup;
			children = (
				B0C344D02B14DA4900485E8C /* Base */,
			);
			name = LaunchScreen.storyboard;
			sourceTree = "<group>";
		};
/* End PBXVariantGroup section */

/* Begin XCBuildConfiguration section */
		B0C344D32B14DA4900485E8C /* Debug */ = {
			isa = XCBuildConfiguration;
			buildSettings = {
				ALWAYS_SEARCH_USER_PATHS = NO;
				CLANG_ANALYZER_NONNULL = YES;
				CLANG_ANALYZER_NUMBER_OBJECT_CONVERSION = YES_AGGRESSIVE;
				CLANG_CXX_LANGUAGE_STANDARD = "gnu++20";
				CLANG_ENABLE_MODULES = YES;
				CLANG_ENABLE_OBJC_ARC = YES;
				CLANG_ENABLE_OBJC_WEAK = YES;
				CLANG_WARN_BLOCK_CAPTURE_AUTORELEASING = YES;
				CLANG_WARN_BOOL_CONVERSION = YES;
				CLANG_WARN_COMMA = YES;
				CLANG_WARN_CONSTANT_CONVERSION = YES;
				CLANG_WARN_DEPRECATED_OBJC_IMPLEMENTATIONS = YES;
				CLANG_WARN_DIRECT_OBJC_ISA_USAGE = YES_ERROR;
				CLANG_WARN_DOCUMENTATION_COMMENTS = YES;
				CLANG_WARN_EMPTY_BODY = YES;
				CLANG_WARN_ENUM_CONVERSION = YES;
				CLANG_WARN_INFINITE_RECURSION = YES;
				CLANG_WARN_INT_CONVERSION = YES;
				CLANG_WARN_NON_LITERAL_NULL_CONVERSION = YES;
				CLANG_WARN_OBJC_IMPLICIT_RETAIN_SELF = YES;
				CLANG_WARN_OBJC_LITERAL_CONVERSION = YES;
				CLANG_WARN_OBJC_ROOT_CLASS = YES_ERROR;
				CLANG_WARN_QUOTED_INCLUDE_IN_FRAMEWORK_HEADER = YES;
				CLANG_WARN_RANGE_LOOP_ANALYSIS = YES;
				CLANG_WARN_STRICT_PROTOTYPES = YES;
				CLANG_WARN_SUSPICIOUS_MOVE = YES;
				CLANG_WARN_UNGUARDED_AVAILABILITY = YES_AGGRESSIVE;
				CLANG_WARN_UNREACHABLE_CODE = YES;
				CLANG_WARN__DUPLICATE_METHOD_MATCH = YES;
				COPY_PHASE_STRIP = NO;
				DEBUG_INFORMATION_FORMAT = dwarf;
				ENABLE_STRICT_OBJC_MSGSEND = YES;
				ENABLE_TESTABILITY = YES;
				GCC_C_LANGUAGE_STANDARD = gnu11;
				GCC_DYNAMIC_NO_PIC = NO;
				GCC_NO_COMMON_BLOCKS = YES;
				GCC_OPTIMIZATION_LEVEL = 0;
				GCC_PREPROCESSOR_DEFINITIONS = (
					"DEBUG=1",
					"$(inherited)",
				);
				GCC_WARN_64_TO_32_BIT_CONVERSION = YES;
				GCC_WARN_ABOUT_RETURN_TYPE = YES_ERROR;
				GCC_WARN_UNDECLARED_SELECTOR = YES;
				GCC_WARN_UNINITIALIZED_AUTOS = YES_AGGRESSIVE;
				GCC_WARN_UNUSED_FUNCTION = YES;
				GCC_WARN_UNUSED_VARIABLE = YES;
				INFOPLIST_KEY_UIUserInterfaceStyle = Light;
				IPHONEOS_DEPLOYMENT_TARGET = 16.2;
				MTL_ENABLE_DEBUG_INFO = INCLUDE_SOURCE;
				MTL_FAST_MATH = YES;
				ONLY_ACTIVE_ARCH = YES;
				SDKROOT = iphoneos;
				SWIFT_ACTIVE_COMPILATION_CONDITIONS = DEBUG;
				SWIFT_OPTIMIZATION_LEVEL = "-Onone";
			};
			name = Debug;
		};
		B0C344D42B14DA4900485E8C /* Release */ = {
			isa = XCBuildConfiguration;
			buildSettings = {
				ALWAYS_SEARCH_USER_PATHS = NO;
				CLANG_ANALYZER_NONNULL = YES;
				CLANG_ANALYZER_NUMBER_OBJECT_CONVERSION = YES_AGGRESSIVE;
				CLANG_CXX_LANGUAGE_STANDARD = "gnu++20";
				CLANG_ENABLE_MODULES = YES;
				CLANG_ENABLE_OBJC_ARC = YES;
				CLANG_ENABLE_OBJC_WEAK = YES;
				CLANG_WARN_BLOCK_CAPTURE_AUTORELEASING = YES;
				CLANG_WARN_BOOL_CONVERSION = YES;
				CLANG_WARN_COMMA = YES;
				CLANG_WARN_CONSTANT_CONVERSION = YES;
				CLANG_WARN_DEPRECATED_OBJC_IMPLEMENTATIONS = YES;
				CLANG_WARN_DIRECT_OBJC_ISA_USAGE = YES_ERROR;
				CLANG_WARN_DOCUMENTATION_COMMENTS = YES;
				CLANG_WARN_EMPTY_BODY = YES;
				CLANG_WARN_ENUM_CONVERSION = YES;
				CLANG_WARN_INFINITE_RECURSION = YES;
				CLANG_WARN_INT_CONVERSION = YES;
				CLANG_WARN_NON_LITERAL_NULL_CONVERSION = YES;
				CLANG_WARN_OBJC_IMPLICIT_RETAIN_SELF = YES;
				CLANG_WARN_OBJC_LITERAL_CONVERSION = YES;
				CLANG_WARN_OBJC_ROOT_CLASS = YES_ERROR;
				CLANG_WARN_QUOTED_INCLUDE_IN_FRAMEWORK_HEADER = YES;
				CLANG_WARN_RANGE_LOOP_ANALYSIS = YES;
				CLANG_WARN_STRICT_PROTOTYPES = YES;
				CLANG_WARN_SUSPICIOUS_MOVE = YES;
				CLANG_WARN_UNGUARDED_AVAILABILITY = YES_AGGRESSIVE;
				CLANG_WARN_UNREACHABLE_CODE = YES;
				CLANG_WARN__DUPLICATE_METHOD_MATCH = YES;
				COPY_PHASE_STRIP = NO;
				DEBUG_INFORMATION_FORMAT = "dwarf-with-dsym";
				ENABLE_NS_ASSERTIONS = NO;
				ENABLE_STRICT_OBJC_MSGSEND = YES;
				GCC_C_LANGUAGE_STANDARD = gnu11;
				GCC_NO_COMMON_BLOCKS = YES;
				GCC_WARN_64_TO_32_BIT_CONVERSION = YES;
				GCC_WARN_ABOUT_RETURN_TYPE = YES_ERROR;
				GCC_WARN_UNDECLARED_SELECTOR = YES;
				GCC_WARN_UNINITIALIZED_AUTOS = YES_AGGRESSIVE;
				GCC_WARN_UNUSED_FUNCTION = YES;
				GCC_WARN_UNUSED_VARIABLE = YES;
				INFOPLIST_KEY_UIUserInterfaceStyle = Light;
				IPHONEOS_DEPLOYMENT_TARGET = 16.2;
				MTL_ENABLE_DEBUG_INFO = NO;
				MTL_FAST_MATH = YES;
				SDKROOT = iphoneos;
				SWIFT_COMPILATION_MODE = wholemodule;
				SWIFT_OPTIMIZATION_LEVEL = "-O";
				VALIDATE_PRODUCT = YES;
			};
			name = Release;
		};
		B0C344D62B14DA4900485E8C /* Debug */ = {
			isa = XCBuildConfiguration;
			buildSettings = {
				ASSETCATALOG_COMPILER_APPICON_NAME = AppIcon;
				ASSETCATALOG_COMPILER_GLOBAL_ACCENT_COLOR_NAME = AccentColor;
				CODE_SIGN_STYLE = Automatic;
				CURRENT_PROJECT_VERSION = 1;
				DEVELOPMENT_TEAM = 4BF99PU9FP;
				GENERATE_INFOPLIST_FILE = YES;
				INFOPLIST_FILE = MarvelMoviesApp/Resources/Info.plist;
				INFOPLIST_KEY_CFBundleDisplayName = "Marvel Movies";
				INFOPLIST_KEY_UIApplicationSupportsIndirectInputEvents = YES;
				INFOPLIST_KEY_UILaunchStoryboardName = LaunchScreen;
				INFOPLIST_KEY_UISupportedInterfaceOrientations = UIInterfaceOrientationPortrait;
				LD_RUNPATH_SEARCH_PATHS = (
					"$(inherited)",
					"@executable_path/Frameworks",
				);
				MARKETING_VERSION = 1.0;
				PRODUCT_BUNDLE_IDENTIFIER = ahmed.MarvelMoviesApp;
				PRODUCT_NAME = "$(TARGET_NAME)";
				SUPPORTED_PLATFORMS = "iphoneos iphonesimulator";
				SUPPORTS_MACCATALYST = NO;
				SUPPORTS_MAC_DESIGNED_FOR_IPHONE_IPAD = NO;
				SWIFT_EMIT_LOC_STRINGS = YES;
				SWIFT_VERSION = 5.0;
				TARGETED_DEVICE_FAMILY = 1;
			};
			name = Debug;
		};
		B0C344D72B14DA4900485E8C /* Release */ = {
			isa = XCBuildConfiguration;
			buildSettings = {
				ASSETCATALOG_COMPILER_APPICON_NAME = AppIcon;
				ASSETCATALOG_COMPILER_GLOBAL_ACCENT_COLOR_NAME = AccentColor;
				CODE_SIGN_STYLE = Automatic;
				CURRENT_PROJECT_VERSION = 1;
				DEVELOPMENT_TEAM = 4BF99PU9FP;
				GENERATE_INFOPLIST_FILE = YES;
				INFOPLIST_FILE = MarvelMoviesApp/Resources/Info.plist;
				INFOPLIST_KEY_CFBundleDisplayName = "Marvel Movies";
				INFOPLIST_KEY_UIApplicationSupportsIndirectInputEvents = YES;
				INFOPLIST_KEY_UILaunchStoryboardName = LaunchScreen;
				INFOPLIST_KEY_UISupportedInterfaceOrientations = UIInterfaceOrientationPortrait;
				LD_RUNPATH_SEARCH_PATHS = (
					"$(inherited)",
					"@executable_path/Frameworks",
				);
				MARKETING_VERSION = 1.0;
				PRODUCT_BUNDLE_IDENTIFIER = ahmed.MarvelMoviesApp;
				PRODUCT_NAME = "$(TARGET_NAME)";
				SUPPORTED_PLATFORMS = "iphoneos iphonesimulator";
				SUPPORTS_MACCATALYST = NO;
				SUPPORTS_MAC_DESIGNED_FOR_IPHONE_IPAD = NO;
				SWIFT_EMIT_LOC_STRINGS = YES;
				SWIFT_VERSION = 5.0;
				TARGETED_DEVICE_FAMILY = 1;
			};
			name = Release;
		};
/* End XCBuildConfiguration section */

/* Begin XCConfigurationList section */
		B0C344B92B14DA4700485E8C /* Build configuration list for PBXProject "MarvelMoviesApp" */ = {
			isa = XCConfigurationList;
			buildConfigurations = (
				B0C344D32B14DA4900485E8C /* Debug */,
				B0C344D42B14DA4900485E8C /* Release */,
			);
			defaultConfigurationIsVisible = 0;
			defaultConfigurationName = Release;
		};
		B0C344D52B14DA4900485E8C /* Build configuration list for PBXNativeTarget "MarvelMoviesApp" */ = {
			isa = XCConfigurationList;
			buildConfigurations = (
				B0C344D62B14DA4900485E8C /* Debug */,
				B0C344D72B14DA4900485E8C /* Release */,
			);
			defaultConfigurationIsVisible = 0;
			defaultConfigurationName = Release;
		};
/* End XCConfigurationList section */

/* Begin XCRemoteSwiftPackageReference section */
		B0C3450F2B155A2500485E8C /* XCRemoteSwiftPackageReference "Moya" */ = {
			isa = XCRemoteSwiftPackageReference;
			repositoryURL = "https://github.com/Moya/Moya.git";
			requirement = {
				kind = upToNextMajorVersion;
				minimumVersion = 15.0.0;
			};
		};
		B0C345512B15F2AE00485E8C /* XCRemoteSwiftPackageReference "SkeletonView" */ = {
			isa = XCRemoteSwiftPackageReference;
			repositoryURL = "https://github.com/Juanpe/SkeletonView";
			requirement = {
				kind = upToNextMajorVersion;
				minimumVersion = 1.0.0;
			};
		};
		B0C345632B16058900485E8C /* XCRemoteSwiftPackageReference "Kingfisher" */ = {
			isa = XCRemoteSwiftPackageReference;
			repositoryURL = "https://github.com/onevcat/Kingfisher";
			requirement = {
				kind = upToNextMajorVersion;
				minimumVersion = 7.0.0;
			};
		};
/* End XCRemoteSwiftPackageReference section */

/* Begin XCSwiftPackageProductDependency section */
		B0C345102B155A2500485E8C /* Moya */ = {
			isa = XCSwiftPackageProductDependency;
			package = B0C3450F2B155A2500485E8C /* XCRemoteSwiftPackageReference "Moya" */;
			productName = Moya;
		};
		B0C345522B15F2AE00485E8C /* SkeletonView */ = {
			isa = XCSwiftPackageProductDependency;
			package = B0C345512B15F2AE00485E8C /* XCRemoteSwiftPackageReference "SkeletonView" */;
			productName = SkeletonView;
		};
		B0C345642B16058900485E8C /* Kingfisher */ = {
			isa = XCSwiftPackageProductDependency;
			package = B0C345632B16058900485E8C /* XCRemoteSwiftPackageReference "Kingfisher" */;
			productName = Kingfisher;
		};
/* End XCSwiftPackageProductDependency section */

/* Begin XCVersionGroup section */
		B0C344CA2B14DA4700485E8C /* CoreDataStorage.xcdatamodeld */ = {
			isa = XCVersionGroup;
			children = (
				B0C344CB2B14DA4700485E8C /* MarvelMoviesApp.xcdatamodel */,
			);
			currentVersion = B0C344CB2B14DA4700485E8C /* MarvelMoviesApp.xcdatamodel */;
			path = CoreDataStorage.xcdatamodeld;
			sourceTree = "<group>";
			versionGroupType = wrapper.xcdatamodel;
		};
/* End XCVersionGroup section */
	};
	rootObject = B0C344B62B14DA4700485E8C /* Project object */;
}
